hallway_lock_package:
  automation:
    - id: hallway_auto_lock
      alias: Hallway - Lock
      description: 'Auto lock and unlock hallway lock'
      mode: single
      triggers:
        - trigger: time
          at: "19:00:00"
      conditions: []
      actions:
        - if:
            - condition: state
              entity_id: lock.kroon18voordeur
              state: unlocked
          then:
            - action: lock.lock
              metadata: {}
              data: {}
              target:
                entity_id: lock.kroon18voordeur
